{
  "name": "rsocketman-server",
  "version": "1.0.0",
  "lockfileVersion": 2,
  "requires": true,
  "packages": {
    "": {
      "name": "rsocketman-server",
      "version": "1.0.0",
      "license": "ISC",
      "dependencies": {
        "rsocket-core": "0.0.27",
        "rsocket-flowable": "0.0.27",
        "rsocket-websocket-server": "0.0.27"
      },
      "devDependencies": {
        "@types/node": "^16.11.11",
        "@types/rsocket-core": "0.0.7",
        "@types/rsocket-types": "0.0.3",
        "@types/rsocket-websocket-server": "0.0.3",
        "close-with-grace": "^1.1.0",
        "typescript": "^4.5.2",
        "winston": "^3.3.3"
      }
    },
    "node_modules/@dabh/diagnostics": {
      "version": "2.0.2",
      "resolved": "https://registry.nlark.com/@dabh/diagnostics/download/@dabh/diagnostics-2.0.2.tgz",
      "integrity": "sha1-KQ0I97OBuPlGB9yPRxoSxnX52zE=",
      "dev": true,
      "dependencies": {
        "colorspace": "1.1.x",
        "enabled": "2.0.x",
        "kuler": "^2.0.0"
      }
    },
    "node_modules/@types/node": {
      "version": "16.11.11",
      "resolved": "https://registry.npmmirror.com/@types/node/download/@types/node-16.11.11.tgz",
      "integrity": "sha512-KB0sixD67CeecHC33MYn+eYARkqTheIRNuu97y2XMjR7Wu3XibO1vaY6VBV6O/a89SPI81cEUIYT87UqUWlZNw==",
      "dev": true
    },
    "node_modules/@types/rsocket-core": {
      "version": "0.0.7",
      "resolved": "https://registry.npmmirror.com/@types/rsocket-core/download/@types/rsocket-core-0.0.7.tgz",
      "integrity": "sha1-6e1tnskY7HqaqwxI/vu3SzNxIjU=",
      "dev": true,
      "dependencies": {
        "@types/node": "*",
        "@types/rsocket-flowable": "*",
        "@types/rsocket-types": "*"
      }
    },
    "node_modules/@types/rsocket-flowable": {
      "version": "0.0.5",
      "resolved": "https://registry.npmmirror.com/@types/rsocket-flowable/download/@types/rsocket-flowable-0.0.5.tgz",
      "integrity": "sha1-q8FE2o+dX7RLP+TZ49dk1fPjVDE=",
      "dev": true,
      "dependencies": {
        "@types/rsocket-types": "*"
      }
    },
    "node_modules/@types/rsocket-types": {
      "version": "0.0.3",
      "resolved": "https://registry.npmmirror.com/@types/rsocket-types/download/@types/rsocket-types-0.0.3.tgz",
      "integrity": "sha1-ZX4Fopb+DCJ3L6pvRpu9wqSgOvk=",
      "dev": true,
      "dependencies": {
        "@types/node": "*",
        "@types/rsocket-flowable": "*"
      }
    },
    "node_modules/@types/rsocket-websocket-server": {
      "version": "0.0.3",
      "resolved": "https://registry.npmmirror.com/@types/rsocket-websocket-server/download/@types/rsocket-websocket-server-0.0.3.tgz",
      "integrity": "sha1-K2UZequzNk2nbkaDAvKCSfqeMFE=",
      "dev": true,
      "dependencies": {
        "@types/rsocket-core": "*",
        "@types/rsocket-flowable": "*",
        "@types/rsocket-types": "*",
        "@types/ws": "*"
      }
    },
    "node_modules/@types/ws": {
      "version": "8.2.1",
      "resolved": "https://registry.npmmirror.com/@types/ws/download/@types/ws-8.2.1.tgz",
      "integrity": "sha512-SqQ+LhVZaJi7c7sYVkjWALDigi/Wy7h7Iu72gkQp8Y8OWw/DddEVBrTSKu86pQftV2+Gm8lYM61hadPKqyaIeg==",
      "dev": true,
      "dependencies": {
        "@types/node": "*"
      }
    },
    "node_modules/async": {
      "version": "3.2.2",
      "resolved": "https://registry.npmmirror.com/async/download/async-3.2.2.tgz",
      "integrity": "sha1-LrdnEDS7IZTUXTDjHiTsfn+WcM0=",
      "dev": true
    },
    "node_modules/close-with-grace": {
      "version": "1.1.0",
      "resolved": "https://registry.nlark.com/close-with-grace/download/close-with-grace-1.1.0.tgz",
      "integrity": "sha1-kaSM8gGbWubmewJVoyq8/Zu8ojM=",
      "dev": true
    },
    "node_modules/color": {
      "version": "3.2.1",
      "resolved": "https://registry.npmmirror.com/color/download/color-3.2.1.tgz",
      "integrity": "sha1-NUTcGYyvRJDD7MmnkLVP6f9F4WQ=",
      "dev": true,
      "dependencies": {
        "color-convert": "^1.9.3",
        "color-string": "^1.6.0"
      }
    },
    "node_modules/color-convert": {
      "version": "1.9.3",
      "resolved": "https://registry.npm.taobao.org/color-convert/download/color-convert-1.9.3.tgz",
      "integrity": "sha1-u3GFBpDh8TZWfeYp0tVHHe2kweg=",
      "dev": true,
      "dependencies": {
        "color-name": "1.1.3"
      }
    },
    "node_modules/color-name": {
      "version": "1.1.3",
      "resolved": "https://registry.npm.taobao.org/color-name/download/color-name-1.1.3.tgz",
      "integrity": "sha1-p9BVi9icQveV3UIyj3QIMcpTvCU=",
      "dev": true
    },
    "node_modules/color-string": {
      "version": "1.9.0",
      "resolved": "https://registry.npmmirror.com/color-string/download/color-string-1.9.0.tgz",
      "integrity": "sha512-9Mrz2AQLefkH1UvASKj6v6hj/7eWgjnT/cVsR8CumieLoT+g900exWeNogqtweI8dxloXN9BDQTYro1oWu/5CQ==",
      "dev": true,
      "dependencies": {
        "color-name": "^1.0.0",
        "simple-swizzle": "^0.2.2"
      }
    },
    "node_modules/colors": {
      "version": "1.4.0",
      "resolved": "https://registry.nlark.com/colors/download/colors-1.4.0.tgz",
      "integrity": "sha1-xQSRR51MG9rtLJztMs98fcI2D3g=",
      "dev": true,
      "engines": {
        "node": ">=0.1.90"
      }
    },
    "node_modules/colorspace": {
      "version": "1.1.4",
      "resolved": "https://registry.npmmirror.com/colorspace/download/colorspace-1.1.4.tgz",
      "integrity": "sha1-jUQtEYYVL2BFO/gHDNZus2TlkkM=",
      "dev": true,
      "dependencies": {
        "color": "^3.1.3",
        "text-hex": "1.0.x"
      }
    },
    "node_modules/core-util-is": {
      "version": "1.0.3",
      "resolved": "https://registry.nlark.com/core-util-is/download/core-util-is-1.0.3.tgz",
      "integrity": "sha1-pgQtNjTCsn6TKPg3uWX6yDgI24U=",
      "dev": true
    },
    "node_modules/enabled": {
      "version": "2.0.0",
      "resolved": "https://registry.nlark.com/enabled/download/enabled-2.0.0.tgz",
      "integrity": "sha1-+d2S7C1vS7wNXR5k4h1hzUZl58I=",
      "dev": true
    },
    "node_modules/fecha": {
      "version": "4.2.1",
      "resolved": "https://registry.npm.taobao.org/fecha/download/fecha-4.2.1.tgz",
      "integrity": "sha1-CoOtj4bvYqCR4iu1oDnNA9I+7M4=",
      "dev": true
    },
    "node_modules/fn.name": {
      "version": "1.1.0",
      "resolved": "https://registry.nlark.com/fn.name/download/fn.name-1.1.0.tgz",
      "integrity": "sha1-JsrYAXlnrqhzG8QpYdBKPVmIrMw=",
      "dev": true
    },
    "node_modules/inherits": {
      "version": "2.0.4",
      "resolved": "https://registry.npm.taobao.org/inherits/download/inherits-2.0.4.tgz",
      "integrity": "sha1-D6LGT5MpF8NDOg3tVTY6rjdBa3w=",
      "dev": true
    },
    "node_modules/is-arrayish": {
      "version": "0.3.2",
      "resolved": "https://registry.npm.taobao.org/is-arrayish/download/is-arrayish-0.3.2.tgz",
      "integrity": "sha1-RXSirlb3qyBolvtDHq7tBm/fjwM=",
      "dev": true
    },
    "node_modules/is-stream": {
      "version": "2.0.1",
      "resolved": "https://registry.nlark.com/is-stream/download/is-stream-2.0.1.tgz?cache=0&sync_timestamp=1628592752355&other_urls=https%3A%2F%2Fregistry.nlark.com%2Fis-stream%2Fdownload%2Fis-stream-2.0.1.tgz",
      "integrity": "sha1-+sHj1TuXrVqdCunO8jifWBClwHc=",
      "dev": true,
      "engines": {
        "node": ">=8"
      }
    },
    "node_modules/isarray": {
      "version": "1.0.0",
      "resolved": "https://registry.nlark.com/isarray/download/isarray-1.0.0.tgz",
      "integrity": "sha1-u5NdSFgsuhaMBoNJV6VKPgcSTxE=",
      "dev": true
    },
    "node_modules/kuler": {
      "version": "2.0.0",
      "resolved": "https://registry.nlark.com/kuler/download/kuler-2.0.0.tgz",
      "integrity": "sha1-4sVwo4ADiPtEQH6FFTHB1nCwYbM=",
      "dev": true
    },
    "node_modules/logform": {
      "version": "2.3.0",
      "resolved": "https://registry.nlark.com/logform/download/logform-2.3.0.tgz?cache=0&sync_timestamp=1632283764288&other_urls=https%3A%2F%2Fregistry.nlark.com%2Flogform%2Fdownload%2Flogform-2.3.0.tgz",
      "integrity": "sha1-o5l6BZhd4uvTJa4NFm3/ycb+a1c=",
      "dev": true,
      "dependencies": {
        "colors": "^1.2.1",
        "fecha": "^4.2.0",
        "ms": "^2.1.1",
        "safe-stable-stringify": "^1.1.0",
        "triple-beam": "^1.3.0"
      }
    },
    "node_modules/ms": {
      "version": "2.1.3",
      "resolved": "https://registry.npmmirror.com/ms/download/ms-2.1.3.tgz",
      "integrity": "sha1-V0yBOM4dK1hh8LRFedut1gxmFbI=",
      "dev": true
    },
    "node_modules/one-time": {
      "version": "1.0.0",
      "resolved": "https://registry.nlark.com/one-time/download/one-time-1.0.0.tgz",
      "integrity": "sha1-4GvBdK7SFO1Y7e3lc7Qzu/gny0U=",
      "dev": true,
      "dependencies": {
        "fn.name": "1.x.x"
      }
    },
    "node_modules/process-nextick-args": {
      "version": "2.0.1",
      "resolved": "https://registry.npm.taobao.org/process-nextick-args/download/process-nextick-args-2.0.1.tgz",
      "integrity": "sha1-eCDZsWEgzFXKmud5JoCufbptf+I=",
      "dev": true
    },
    "node_modules/readable-stream": {
      "version": "3.6.0",
      "resolved": "https://registry.npm.taobao.org/readable-stream/download/readable-stream-3.6.0.tgz",
      "integrity": "sha1-M3u9o63AcGvT4CRCaihtS0sskZg=",
      "dev": true,
      "dependencies": {
        "inherits": "^2.0.3",
        "string_decoder": "^1.1.1",
        "util-deprecate": "^1.0.1"
      },
      "engines": {
        "node": ">= 6"
      }
    },
    "node_modules/rsocket-core": {
      "version": "0.0.27",
      "resolved": "https://registry.nlark.com/rsocket-core/download/rsocket-core-0.0.27.tgz",
      "integrity": "sha1-qes2/IKCz+N7OfDEofyGq2Za/u0=",
      "dependencies": {
        "rsocket-flowable": "^0.0.27",
        "rsocket-types": "^0.0.27"
      }
    },
    "node_modules/rsocket-flowable": {
      "version": "0.0.27",
      "resolved": "https://registry.nlark.com/rsocket-flowable/download/rsocket-flowable-0.0.27.tgz",
      "integrity": "sha1-OJJUzBUykIros6wDPcI3T1fi1mE="
    },
    "node_modules/rsocket-types": {
      "version": "0.0.27",
      "resolved": "https://registry.nlark.com/rsocket-types/download/rsocket-types-0.0.27.tgz",
      "integrity": "sha1-UD4YMEDckK39DKg02mrcjmC/Ds8=",
      "dependencies": {
        "rsocket-flowable": "^0.0.27"
      }
    },
    "node_modules/rsocket-websocket-server": {
      "version": "0.0.27",
      "resolved": "https://registry.npmmirror.com/rsocket-websocket-server/download/rsocket-websocket-server-0.0.27.tgz",
      "integrity": "sha1-oVXfBJgbkwZCvTxrR/xFS2T7k/w=",
      "dependencies": {
        "rsocket-core": "^0.0.27",
        "rsocket-flowable": "^0.0.27",
        "rsocket-types": "^0.0.27",
        "ws": "^7.3.1"
      }
    },
    "node_modules/safe-buffer": {
      "version": "5.2.1",
      "resolved": "https://registry.nlark.com/safe-buffer/download/safe-buffer-5.2.1.tgz",
      "integrity": "sha1-Hq+fqb2x/dTsdfWPnNtOa3gn7sY=",
      "dev": true
    },
    "node_modules/safe-stable-stringify": {
      "version": "1.1.1",
      "resolved": "https://registry.npmmirror.com/safe-stable-stringify/download/safe-stable-stringify-1.1.1.tgz",
      "integrity": "sha1-yKIgq1Jc2U5g6/R93EBNYQ3F2Eo=",
      "dev": true
    },
    "node_modules/simple-swizzle": {
      "version": "0.2.2",
      "resolved": "https://registry.npmmirror.com/simple-swizzle/download/simple-swizzle-0.2.2.tgz",
      "integrity": "sha1-pNprY1/8zMoz9w0Xy5JZLeleVXo=",
      "dev": true,
      "dependencies": {
        "is-arrayish": "^0.3.1"
      }
    },
    "node_modules/stack-trace": {
      "version": "0.0.10",
      "resolved": "https://registry.nlark.com/stack-trace/download/stack-trace-0.0.10.tgz",
      "integrity": "sha1-VHxws0fo0ytOEI6hoqFZ5f3eGcA=",
      "dev": true,
      "engines": {
        "node": "*"
      }
    },
    "node_modules/string_decoder": {
      "version": "1.3.0",
      "resolved": "https://registry.npm.taobao.org/string_decoder/download/string_decoder-1.3.0.tgz",
      "integrity": "sha1-QvEUWUpGzxqOMLCoT1bHjD7awh4=",
      "dev": true,
      "dependencies": {
        "safe-buffer": "~5.2.0"
      }
    },
    "node_modules/text-hex": {
      "version": "1.0.0",
      "resolved": "https://registry.nlark.com/text-hex/download/text-hex-1.0.0.tgz",
      "integrity": "sha1-adycGxdEbueakr9biEu0uRJ1BvU=",
      "dev": true
    },
    "node_modules/triple-beam": {
      "version": "1.3.0",
      "resolved": "https://registry.nlark.com/triple-beam/download/triple-beam-1.3.0.tgz",
      "integrity": "sha1-pZUhTHKY24M57u7gg+TRC9jLjdk=",
      "dev": true
    },
    "node_modules/typescript": {
      "version": "4.5.2",
      "resolved": "https://registry.npmmirror.com/typescript/download/typescript-4.5.2.tgz",
      "integrity": "sha512-5BlMof9H1yGt0P8/WF+wPNw6GfctgGjXp5hkblpyT+8rkASSmkUKMXrxR0Xg8ThVCi/JnHQiKXeBaEwCeQwMFw==",
      "dev": true,
      "bin": {
        "tsc": "bin/tsc",
        "tsserver": "bin/tsserver"
      },
      "engines": {
        "node": ">=4.2.0"
      }
    },
    "node_modules/util-deprecate": {
      "version": "1.0.2",
      "resolved": "https://registry.npm.taobao.org/util-deprecate/download/util-deprecate-1.0.2.tgz?cache=0&other_urls=https%3A%2F%2Fregistry.npm.taobao.org%2Futil-deprecate%2Fdownload%2Futil-deprecate-1.0.2.tgz",
      "integrity": "sha1-RQ1Nyfpw3nMnYvvS1KKJgUGaDM8=",
      "dev": true
    },
    "node_modules/winston": {
      "version": "3.3.3",
      "resolved": "https://registry.nlark.com/winston/download/winston-3.3.3.tgz",
      "integrity": "sha1-rmFyBCyvspeGr6PQnI/4M6t8kXA=",
      "dev": true,
      "dependencies": {
        "@dabh/diagnostics": "^2.0.2",
        "async": "^3.1.0",
        "is-stream": "^2.0.0",
        "logform": "^2.2.0",
        "one-time": "^1.0.0",
        "readable-stream": "^3.4.0",
        "stack-trace": "0.0.x",
        "triple-beam": "^1.3.0",
        "winston-transport": "^4.4.0"
      },
      "engines": {
        "node": ">= 6.4.0"
      }
    },
    "node_modules/winston-transport": {
      "version": "4.4.0",
      "resolved": "https://registry.nlark.com/winston-transport/download/winston-transport-4.4.0.tgz",
      "integrity": "sha1-F69RjappDVsuzMqnrPeyDKeSXlk=",
      "dev": true,
      "dependencies": {
        "readable-stream": "^2.3.7",
        "triple-beam": "^1.2.0"
      },
      "engines": {
        "node": ">= 6.4.0"
      }
    },
    "node_modules/winston-transport/node_modules/readable-stream": {
      "version": "2.3.7",
      "resolved": "https://registry.npm.taobao.org/readable-stream/download/readable-stream-2.3.7.tgz",
      "integrity": "sha1-Hsoc9xGu+BTAT2IlKjamL2yyO1c=",
      "dev": true,
      "dependencies": {
        "core-util-is": "~1.0.0",
        "inherits": "~2.0.3",
        "isarray": "~1.0.0",
        "process-nextick-args": "~2.0.0",
        "safe-buffer": "~5.1.1",
        "string_decoder": "~1.1.1",
        "util-deprecate": "~1.0.1"
      }
    },
    "node_modules/winston-transport/node_modules/safe-buffer": {
      "version": "5.1.2",
      "resolved": "https://registry.nlark.com/safe-buffer/download/safe-buffer-5.1.2.tgz",
      "integrity": "sha1-mR7GnSluAxN0fVm9/St0XDX4go0=",
      "dev": true
    },
    "node_modules/winston-transport/node_modules/string_decoder": {
      "version": "1.1.1",
      "resolved": "https://registry.npm.taobao.org/string_decoder/download/string_decoder-1.1.1.tgz",
      "integrity": "sha1-nPFhG6YmhdcDCunkujQUnDrwP8g=",
      "dev": true,
      "dependencies": {
        "safe-buffer": "~5.1.0"
      }
    },
    "node_modules/ws": {
      "version": "7.5.6",
      "resolved": "https://registry.npmmirror.com/ws/download/ws-7.5.6.tgz",
      "integrity": "sha512-6GLgCqo2cy2A2rjCNFlxQS6ZljG/coZfZXclldI8FB/1G3CCI36Zd8xy2HrFVACi8tfk5XrgLQEk+P0Tnz9UcA==",
      "engines": {
        "node": ">=8.3.0"
      },
      "peerDependencies": {
        "bufferutil": "^4.0.1",
        "utf-8-validate": "^5.0.2"
      },
      "peerDependenciesMeta": {
        "bufferutil": {
          "optional": true
        },
        "utf-8-validate": {
          "optional": true
        }
      }
    }
  },
  "dependencies": {
    "@dabh/diagnostics": {
      "version": "2.0.2",
      "resolved": "https://registry.nlark.com/@dabh/diagnostics/download/@dabh/diagnostics-2.0.2.tgz",
      "integrity": "sha1-KQ0I97OBuPlGB9yPRxoSxnX52zE=",
      "dev": true,
      "requires": {
        "colorspace": "1.1.x",
        "enabled": "2.0.x",
        "kuler": "^2.0.0"
      }
    },
    "@types/node": {
      "version": "16.11.11",
      "resolved": "https://registry.npmmirror.com/@types/node/download/@types/node-16.11.11.tgz",
      "integrity": "sha512-KB0sixD67CeecHC33MYn+eYARkqTheIRNuu97y2XMjR7Wu3XibO1vaY6VBV6O/a89SPI81cEUIYT87UqUWlZNw==",
      "dev": true
    },
    "@types/rsocket-core": {
      "version": "0.0.7",
      "resolved": "https://registry.npmmirror.com/@types/rsocket-core/download/@types/rsocket-core-0.0.7.tgz",
      "integrity": "sha1-6e1tnskY7HqaqwxI/vu3SzNxIjU=",
      "dev": true,
      "requires": {
        "@types/node": "*",
        "@types/rsocket-flowable": "*",
        "@types/rsocket-types": "*"
      }
    },
    "@types/rsocket-flowable": {
      "version": "0.0.5",
      "resolved": "https://registry.npmmirror.com/@types/rsocket-flowable/download/@types/rsocket-flowable-0.0.5.tgz",
      "integrity": "sha1-q8FE2o+dX7RLP+TZ49dk1fPjVDE=",
      "dev": true,
      "requires": {
        "@types/rsocket-types": "*"
      }
    },
    "@types/rsocket-types": {
      "version": "0.0.3",
      "resolved": "https://registry.npmmirror.com/@types/rsocket-types/download/@types/rsocket-types-0.0.3.tgz",
      "integrity": "sha1-ZX4Fopb+DCJ3L6pvRpu9wqSgOvk=",
      "dev": true,
      "requires": {
        "@types/node": "*",
        "@types/rsocket-flowable": "*"
      }
    },
    "@types/rsocket-websocket-server": {
      "version": "0.0.3",
      "resolved": "https://registry.npmmirror.com/@types/rsocket-websocket-server/download/@types/rsocket-websocket-server-0.0.3.tgz",
      "integrity": "sha1-K2UZequzNk2nbkaDAvKCSfqeMFE=",
      "dev": true,
      "requires": {
        "@types/rsocket-core": "*",
        "@types/rsocket-flowable": "*",
        "@types/rsocket-types": "*",
        "@types/ws": "*"
      }
    },
    "@types/ws": {
      "version": "8.2.1",
      "resolved": "https://registry.npmmirror.com/@types/ws/download/@types/ws-8.2.1.tgz",
      "integrity": "sha512-SqQ+LhVZaJi7c7sYVkjWALDigi/Wy7h7Iu72gkQp8Y8OWw/DddEVBrTSKu86pQftV2+Gm8lYM61hadPKqyaIeg==",
      "dev": true,
      "requires": {
        "@types/node": "*"
      }
    },
    "async": {
      "version": "3.2.2",
      "resolved": "https://registry.npmmirror.com/async/download/async-3.2.2.tgz",
      "integrity": "sha1-LrdnEDS7IZTUXTDjHiTsfn+WcM0=",
      "dev": true
    },
    "close-with-grace": {
      "version": "1.1.0",
      "resolved": "https://registry.nlark.com/close-with-grace/download/close-with-grace-1.1.0.tgz",
      "integrity": "sha1-kaSM8gGbWubmewJVoyq8/Zu8ojM=",
      "dev": true
    },
    "color": {
      "version": "3.2.1",
      "resolved": "https://registry.npmmirror.com/color/download/color-3.2.1.tgz",
      "integrity": "sha1-NUTcGYyvRJDD7MmnkLVP6f9F4WQ=",
      "dev": true,
      "requires": {
        "color-convert": "^1.9.3",
        "color-string": "^1.6.0"
      }
    },
    "color-convert": {
      "version": "1.9.3",
      "resolved": "https://registry.npm.taobao.org/color-convert/download/color-convert-1.9.3.tgz",
      "integrity": "sha1-u3GFBpDh8TZWfeYp0tVHHe2kweg=",
      "dev": true,
      "requires": {
        "color-name": "1.1.3"
      }
    },
    "color-name": {
      "version": "1.1.3",
      "resolved": "https://registry.npm.taobao.org/color-name/download/color-name-1.1.3.tgz",
      "integrity": "sha1-p9BVi9icQveV3UIyj3QIMcpTvCU=",
      "dev": true
    },
    "color-string": {
      "version": "1.9.0",
      "resolved": "https://registry.npmmirror.com/color-string/download/color-string-1.9.0.tgz",
      "integrity": "sha512-9Mrz2AQLefkH1UvASKj6v6hj/7eWgjnT/cVsR8CumieLoT+g900exWeNogqtweI8dxloXN9BDQTYro1oWu/5CQ==",
      "dev": true,
      "requires": {
        "color-name": "^1.0.0",
        "simple-swizzle": "^0.2.2"
      }
    },
    "colors": {
      "version": "1.4.0",
      "resolved": "https://registry.nlark.com/colors/download/colors-1.4.0.tgz",
      "integrity": "sha1-xQSRR51MG9rtLJztMs98fcI2D3g=",
      "dev": true
    },
    "colorspace": {
      "version": "1.1.4",
      "resolved": "https://registry.npmmirror.com/colorspace/download/colorspace-1.1.4.tgz",
      "integrity": "sha1-jUQtEYYVL2BFO/gHDNZus2TlkkM=",
      "dev": true,
      "requires": {
        "color": "^3.1.3",
        "text-hex": "1.0.x"
      }
    },
    "core-util-is": {
      "version": "1.0.3",
      "resolved": "https://registry.nlark.com/core-util-is/download/core-util-is-1.0.3.tgz",
      "integrity": "sha1-pgQtNjTCsn6TKPg3uWX6yDgI24U=",
      "dev": true
    },
    "enabled": {
      "version": "2.0.0",
      "resolved": "https://registry.nlark.com/enabled/download/enabled-2.0.0.tgz",
      "integrity": "sha1-+d2S7C1vS7wNXR5k4h1hzUZl58I=",
      "dev": true
    },
    "fecha": {
      "version": "4.2.1",
      "resolved": "https://registry.npm.taobao.org/fecha/download/fecha-4.2.1.tgz",
      "integrity": "sha1-CoOtj4bvYqCR4iu1oDnNA9I+7M4=",
      "dev": true
    },
    "fn.name": {
      "version": "1.1.0",
      "resolved": "https://registry.nlark.com/fn.name/download/fn.name-1.1.0.tgz",
      "integrity": "sha1-JsrYAXlnrqhzG8QpYdBKPVmIrMw=",
      "dev": true
    },
    "inherits": {
      "version": "2.0.4",
      "resolved": "https://registry.npm.taobao.org/inherits/download/inherits-2.0.4.tgz",
      "integrity": "sha1-D6LGT5MpF8NDOg3tVTY6rjdBa3w=",
      "dev": true
    },
    "is-arrayish": {
      "version": "0.3.2",
      "resolved": "https://registry.npm.taobao.org/is-arrayish/download/is-arrayish-0.3.2.tgz",
      "integrity": "sha1-RXSirlb3qyBolvtDHq7tBm/fjwM=",
      "dev": true
    },
    "is-stream": {
      "version": "2.0.1",
      "resolved": "https://registry.nlark.com/is-stream/download/is-stream-2.0.1.tgz?cache=0&sync_timestamp=1628592752355&other_urls=https%3A%2F%2Fregistry.nlark.com%2Fis-stream%2Fdownload%2Fis-stream-2.0.1.tgz",
      "integrity": "sha1-+sHj1TuXrVqdCunO8jifWBClwHc=",
      "dev": true
    },
    "isarray": {
      "version": "1.0.0",
      "resolved": "https://registry.nlark.com/isarray/download/isarray-1.0.0.tgz",
      "integrity": "sha1-u5NdSFgsuhaMBoNJV6VKPgcSTxE=",
      "dev": true
    },
    "kuler": {
      "version": "2.0.0",
      "resolved": "https://registry.nlark.com/kuler/download/kuler-2.0.0.tgz",
      "integrity": "sha1-4sVwo4ADiPtEQH6FFTHB1nCwYbM=",
      "dev": true
    },
    "logform": {
      "version": "2.3.0",
      "resolved": "https://registry.nlark.com/logform/download/logform-2.3.0.tgz?cache=0&sync_timestamp=1632283764288&other_urls=https%3A%2F%2Fregistry.nlark.com%2Flogform%2Fdownload%2Flogform-2.3.0.tgz",
      "integrity": "sha1-o5l6BZhd4uvTJa4NFm3/ycb+a1c=",
      "dev": true,
      "requires": {
        "colors": "^1.2.1",
        "fecha": "^4.2.0",
        "ms": "^2.1.1",
        "safe-stable-stringify": "^1.1.0",
        "triple-beam": "^1.3.0"
      }
    },
    "ms": {
      "version": "2.1.3",
      "resolved": "https://registry.npmmirror.com/ms/download/ms-2.1.3.tgz",
      "integrity": "sha1-V0yBOM4dK1hh8LRFedut1gxmFbI=",
      "dev": true
    },
    "one-time": {
      "version": "1.0.0",
      "resolved": "https://registry.nlark.com/one-time/download/one-time-1.0.0.tgz",
      "integrity": "sha1-4GvBdK7SFO1Y7e3lc7Qzu/gny0U=",
      "dev": true,
      "requires": {
        "fn.name": "1.x.x"
      }
    },
    "process-nextick-args": {
      "version": "2.0.1",
      "resolved": "https://registry.npm.taobao.org/process-nextick-args/download/process-nextick-args-2.0.1.tgz",
      "integrity": "sha1-eCDZsWEgzFXKmud5JoCufbptf+I=",
      "dev": true
    },
    "readable-stream": {
      "version": "3.6.0",
      "resolved": "https://registry.npm.taobao.org/readable-stream/download/readable-stream-3.6.0.tgz",
      "integrity": "sha1-M3u9o63AcGvT4CRCaihtS0sskZg=",
      "dev": true,
      "requires": {
        "inherits": "^2.0.3",
        "string_decoder": "^1.1.1",
        "util-deprecate": "^1.0.1"
      }
    },
    "rsocket-core": {
      "version": "0.0.27",
      "resolved": "https://registry.nlark.com/rsocket-core/download/rsocket-core-0.0.27.tgz",
      "integrity": "sha1-qes2/IKCz+N7OfDEofyGq2Za/u0=",
      "requires": {
        "rsocket-flowable": "^0.0.27",
        "rsocket-types": "^0.0.27"
      }
    },
    "rsocket-flowable": {
      "version": "0.0.27",
      "resolved": "https://registry.nlark.com/rsocket-flowable/download/rsocket-flowable-0.0.27.tgz",
      "integrity": "sha1-OJJUzBUykIros6wDPcI3T1fi1mE="
    },
    "rsocket-types": {
      "version": "0.0.27",
      "resolved": "https://registry.nlark.com/rsocket-types/download/rsocket-types-0.0.27.tgz",
      "integrity": "sha1-UD4YMEDckK39DKg02mrcjmC/Ds8=",
      "requires": {
        "rsocket-flowable": "^0.0.27"
      }
    },
    "rsocket-websocket-server": {
      "version": "0.0.27",
      "resolved": "https://registry.npmmirror.com/rsocket-websocket-server/download/rsocket-websocket-server-0.0.27.tgz",
      "integrity": "sha1-oVXfBJgbkwZCvTxrR/xFS2T7k/w=",
      "requires": {
        "rsocket-core": "^0.0.27",
        "rsocket-flowable": "^0.0.27",
        "rsocket-types": "^0.0.27",
        "ws": "^7.3.1"
      }
    },
    "safe-buffer": {
      "version": "5.2.1",
      "resolved": "https://registry.nlark.com/safe-buffer/download/safe-buffer-5.2.1.tgz",
      "integrity": "sha1-Hq+fqb2x/dTsdfWPnNtOa3gn7sY=",
      "dev": true
    },
    "safe-stable-stringify": {
      "version": "1.1.1",
      "resolved": "https://registry.npmmirror.com/safe-stable-stringify/download/safe-stable-stringify-1.1.1.tgz",
      "integrity": "sha1-yKIgq1Jc2U5g6/R93EBNYQ3F2Eo=",
      "dev": true
    },
    "simple-swizzle": {
      "version": "0.2.2",
      "resolved": "https://registry.npmmirror.com/simple-swizzle/download/simple-swizzle-0.2.2.tgz",
      "integrity": "sha1-pNprY1/8zMoz9w0Xy5JZLeleVXo=",
      "dev": true,
      "requires": {
        "is-arrayish": "^0.3.1"
      }
    },
    "stack-trace": {
      "version": "0.0.10",
      "resolved": "https://registry.nlark.com/stack-trace/download/stack-trace-0.0.10.tgz",
      "integrity": "sha1-VHxws0fo0ytOEI6hoqFZ5f3eGcA=",
      "dev": true
    },
    "string_decoder": {
      "version": "1.3.0",
      "resolved": "https://registry.npm.taobao.org/string_decoder/download/string_decoder-1.3.0.tgz",
      "integrity": "sha1-QvEUWUpGzxqOMLCoT1bHjD7awh4=",
      "dev": true,
      "requires": {
        "safe-buffer": "~5.2.0"
      }
    },
    "text-hex": {
      "version": "1.0.0",
      "resolved": "https://registry.nlark.com/text-hex/download/text-hex-1.0.0.tgz",
      "integrity": "sha1-adycGxdEbueakr9biEu0uRJ1BvU=",
      "dev": true
    },
    "triple-beam": {
      "version": "1.3.0",
      "resolved": "https://registry.nlark.com/triple-beam/download/triple-beam-1.3.0.tgz",
      "integrity": "sha1-pZUhTHKY24M57u7gg+TRC9jLjdk=",
      "dev": true
    },
    "typescript": {
      "version": "4.5.2",
      "resolved": "https://registry.npmmirror.com/typescript/download/typescript-4.5.2.tgz",
      "integrity": "sha512-5BlMof9H1yGt0P8/WF+wPNw6GfctgGjXp5hkblpyT+8rkASSmkUKMXrxR0Xg8ThVCi/JnHQiKXeBaEwCeQwMFw==",
      "dev": true
    },
    "util-deprecate": {
      "version": "1.0.2",
      "resolved": "https://registry.npm.taobao.org/util-deprecate/download/util-deprecate-1.0.2.tgz?cache=0&other_urls=https%3A%2F%2Fregistry.npm.taobao.org%2Futil-deprecate%2Fdownload%2Futil-deprecate-1.0.2.tgz",
      "integrity": "sha1-RQ1Nyfpw3nMnYvvS1KKJgUGaDM8=",
      "dev": true
    },
    "winston": {
      "version": "3.3.3",
      "resolved": "https://registry.nlark.com/winston/download/winston-3.3.3.tgz",
      "integrity": "sha1-rmFyBCyvspeGr6PQnI/4M6t8kXA=",
      "dev": true,
      "requires": {
        "@dabh/diagnostics": "^2.0.2",
        "async": "^3.1.0",
        "is-stream": "^2.0.0",
        "logform": "^2.2.0",
        "one-time": "^1.0.0",
        "readable-stream": "^3.4.0",
        "stack-trace": "0.0.x",
        "triple-beam": "^1.3.0",
        "winston-transport": "^4.4.0"
      }
    },
    "winston-transport": {
      "version": "4.4.0",
      "resolved": "https://registry.nlark.com/winston-transport/download/winston-transport-4.4.0.tgz",
      "integrity": "sha1-F69RjappDVsuzMqnrPeyDKeSXlk=",
      "dev": true,
      "requires": {
        "readable-stream": "^2.3.7",
        "triple-beam": "^1.2.0"
      },
      "dependencies": {
        "readable-stream": {
          "version": "2.3.7",
          "resolved": "https://registry.npm.taobao.org/readable-stream/download/readable-stream-2.3.7.tgz",
          "integrity": "sha1-Hsoc9xGu+BTAT2IlKjamL2yyO1c=",
          "dev": true,
          "requires": {
            "core-util-is": "~1.0.0",
            "inherits": "~2.0.3",
            "isarray": "~1.0.0",
            "process-nextick-args": "~2.0.0",
            "safe-buffer": "~5.1.1",
            "string_decoder": "~1.1.1",
            "util-deprecate": "~1.0.1"
          }
        },
        "safe-buffer": {
          "version": "5.1.2",
          "resolved": "https://registry.nlark.com/safe-buffer/download/safe-buffer-5.1.2.tgz",
          "integrity": "sha1-mR7GnSluAxN0fVm9/St0XDX4go0=",
          "dev": true
        },
        "string_decoder": {
          "version": "1.1.1",
          "resolved": "https://registry.npm.taobao.org/string_decoder/download/string_decoder-1.1.1.tgz",
          "integrity": "sha1-nPFhG6YmhdcDCunkujQUnDrwP8g=",
          "dev": true,
          "requires": {
            "safe-buffer": "~5.1.0"
          }
        }
      }
    },
    "ws": {
      "version": "7.5.6",
      "resolved": "https://registry.npmmirror.com/ws/download/ws-7.5.6.tgz",
      "integrity": "sha512-6GLgCqo2cy2A2rjCNFlxQS6ZljG/coZfZXclldI8FB/1G3CCI36Zd8xy2HrFVACi8tfk5XrgLQEk+P0Tnz9UcA==",
      "requires": {}
    }
  }
}
